
Microsoft Visual Studio Solution File, Format Version 12.00
# Visual Studio Version 17
VisualStudioVersion = 17.2.32505.173
MinimumVisualStudioVersion = 10.0.40219.1
Project("{FAE04EC0-301F-11D3-BF4B-00C04F79EFBC}") = "ATMSavingsExtensionMethods", "ATMSavingsExtensionMethods\ATMSavingsExtensionMethods.csproj", "{82484721-4237-4FD6-9E24-40BB0D14E208}"
EndProject
Project("{FAE04EC0-301F-11D3-BF4B-00C04F79EFBC}") = "XunitTest", "XunitTest\XunitTest.csproj", "{8DF2C7A7-53C2-4825-A3FE-CD1A9754E070}"
EndProject
Global
	GlobalSection(SolutionConfigurationPlatforms) = preSolution
		Debug|Any CPU = Debug|Any CPU
		Release|Any CPU = Release|Any CPU
	EndGlobalSection
	GlobalSection(ProjectConfigurationPlatforms) = postSolution
		{82484721-4237-4FD6-9E24-40BB0D14E208}.Debug|Any CPU.ActiveCfg = Debug|Any CPU
		{82484721-4237-4FD6-9E24-40BB0D14E208}.Debug|Any CPU.Build.0 = Debug|Any CPU
		{82484721-4237-4FD6-9E24-40BB0D14E208}.Release|Any CPU.ActiveCfg = Release|Any CPU
		{82484721-4237-4FD6-9E24-40BB0D14E208}.Release|Any CPU.Build.0 = Release|Any CPU
		{8DF2C7A7-53C2-4825-A3FE-CD1A9754E070}.Debug|Any CPU.ActiveCfg = Debug|Any CPU
		{8DF2C7A7-53C2-4825-A3FE-CD1A9754E070}.Debug|Any CPU.Build.0 = Debug|Any CPU
		{8DF2C7A7-53C2-4825-A3FE-CD1A9754E070}.Release|Any CPU.ActiveCfg = Release|Any CPU
		{8DF2C7A7-53C2-4825-A3FE-CD1A9754E070}.Release|Any CPU.Build.0 = Release|Any CPU
	EndGlobalSection
	GlobalSection(SolutionProperties) = preSolution
		HideSolutionNode = FALSE
	EndGlobalSection
	GlobalSection(ExtensibilityGlobals) = postSolution
		SolutionGuid = {A5E93BBE-EBA5-40D8-89F0-CFD02912F855}
	EndGlobalSection
EndGlobal
